
Microsoft Visual Studio Solution File, Format Version 12.00
# Visual Studio Version 17
VisualStudioVersion = 17.5.33530.505
MinimumVisualStudioVersion = 10.0.40219.1
Project("{2150E333-8FDC-42A3-9474-1A3956D46DE8}") = "Data", "Data", "{FC8873B0-7EF0-4226-B601-1DEB7CA3120A}"
EndProject
Project("{2150E333-8FDC-42A3-9474-1A3956D46DE8}") = "Services", "Services", "{5B713D5F-1CF0-494F-B658-C6A50EF7294E}"
EndProject
Project("{2150E333-8FDC-42A3-9474-1A3956D46DE8}") = "Systems", "Systems", "{DE31E100-D628-4AC0-A90E-0829436F66F9}"
EndProject
Project("{2150E333-8FDC-42A3-9474-1A3956D46DE8}") = "Tests", "Tests", "{00EAE591-1861-48B6-B917-ACEE0D562AD8}"
EndProject
Project("{E53339B2-1760-4266-BCC7-CA923CBCF16C}") = "docker-compose", "docker-compose.dcproj", "{3FF71B54-19D5-4E51-A755-52771AC6C24E}"
EndProject
Project("{9A19103F-16F7-4668-BE54-9A1E7A4F7556}") = "Notifyer.Systems.TgNotifyer", "Systems\Notifyer.Systems.TgNotifyer\Notifyer.Systems.TgNotifyer.csproj", "{FFEA2553-AF5D-4BFC-AB91-0E32B9BABE58}"
EndProject
Project("{9A19103F-16F7-4668-BE54-9A1E7A4F7556}") = "Notifyer.Data.Context", "Data\Notifyer.Data.Context\Notifyer.Data.Context.csproj", "{893BFCA9-A2A7-4354-AC38-0307147CA4D8}"
EndProject
Project("{9A19103F-16F7-4668-BE54-9A1E7A4F7556}") = "Notifyer.Data.Context.Entities", "Data\Notifyer.Data.Context.Entities\Notifyer.Data.Context.Entities.csproj", "{47FA91FA-DD01-4C29-9A31-3A9BDAC201BA}"
EndProject
Project("{9A19103F-16F7-4668-BE54-9A1E7A4F7556}") = "Notifyer.Services.Notifications", "Services\Notifyer.Services.Notifications\Notifyer.Services.Notifications.csproj", "{61E73B89-FBB9-4550-9CA1-4A41F9DA389B}"
EndProject
Project("{9A19103F-16F7-4668-BE54-9A1E7A4F7556}") = "Notifyer.Services.KafkaDataProvider", "Services\Notifyer.Services.KafkaDataProvider\Notifyer.Services.KafkaDataProvider.csproj", "{0AA905F1-1ED7-41C3-B2D9-192EFCF22F69}"
EndProject
Project("{2150E333-8FDC-42A3-9474-1A3956D46DE8}") = "Repositories", "Repositories", "{C960F3E1-20F3-42BF-9E57-C8ABF3A84FB2}"
EndProject
Project("{9A19103F-16F7-4668-BE54-9A1E7A4F7556}") = "Notifyer.Data.UserDataRepository", "Data\Repositories\Notifyer.Data.UserDataRepository\Notifyer.Data.UserDataRepository.csproj", "{ACBF9C1A-3080-4A6B-8FF2-68241CF801A0}"
EndProject
Project("{9A19103F-16F7-4668-BE54-9A1E7A4F7556}") = "Notifyer.Data.NewsCathegoryRepository", "Data\Repositories\Notifyer.Data.NewsCathegoryRepository\Notifyer.Data.NewsCathegoryRepository.csproj", "{CB6395BD-8C39-4AC4-BBD9-EF8425615F7D}"
EndProject
Project("{9A19103F-16F7-4668-BE54-9A1E7A4F7556}") = "Notifyer.Services.Messages", "Services\Notifyer.Services.Messages\Notifyer.Services.Messages.csproj", "{20FB8C0A-B530-4F48-98A3-969995A407F8}"
EndProject
Global
	GlobalSection(SolutionConfigurationPlatforms) = preSolution
		Debug|Any CPU = Debug|Any CPU
		Release|Any CPU = Release|Any CPU
	EndGlobalSection
	GlobalSection(ProjectConfigurationPlatforms) = postSolution
		{3FF71B54-19D5-4E51-A755-52771AC6C24E}.Debug|Any CPU.ActiveCfg = Debug|Any CPU
		{3FF71B54-19D5-4E51-A755-52771AC6C24E}.Debug|Any CPU.Build.0 = Debug|Any CPU
		{3FF71B54-19D5-4E51-A755-52771AC6C24E}.Release|Any CPU.ActiveCfg = Release|Any CPU
		{3FF71B54-19D5-4E51-A755-52771AC6C24E}.Release|Any CPU.Build.0 = Release|Any CPU
		{FFEA2553-AF5D-4BFC-AB91-0E32B9BABE58}.Debug|Any CPU.ActiveCfg = Debug|Any CPU
		{FFEA2553-AF5D-4BFC-AB91-0E32B9BABE58}.Debug|Any CPU.Build.0 = Debug|Any CPU
		{FFEA2553-AF5D-4BFC-AB91-0E32B9BABE58}.Release|Any CPU.ActiveCfg = Release|Any CPU
		{FFEA2553-AF5D-4BFC-AB91-0E32B9BABE58}.Release|Any CPU.Build.0 = Release|Any CPU
		{893BFCA9-A2A7-4354-AC38-0307147CA4D8}.Debug|Any CPU.ActiveCfg = Debug|Any CPU
		{893BFCA9-A2A7-4354-AC38-0307147CA4D8}.Debug|Any CPU.Build.0 = Debug|Any CPU
		{893BFCA9-A2A7-4354-AC38-0307147CA4D8}.Release|Any CPU.ActiveCfg = Release|Any CPU
		{893BFCA9-A2A7-4354-AC38-0307147CA4D8}.Release|Any CPU.Build.0 = Release|Any CPU
		{47FA91FA-DD01-4C29-9A31-3A9BDAC201BA}.Debug|Any CPU.ActiveCfg = Debug|Any CPU
		{47FA91FA-DD01-4C29-9A31-3A9BDAC201BA}.Debug|Any CPU.Build.0 = Debug|Any CPU
		{47FA91FA-DD01-4C29-9A31-3A9BDAC201BA}.Release|Any CPU.ActiveCfg = Release|Any CPU
		{47FA91FA-DD01-4C29-9A31-3A9BDAC201BA}.Release|Any CPU.Build.0 = Release|Any CPU
		{61E73B89-FBB9-4550-9CA1-4A41F9DA389B}.Debug|Any CPU.ActiveCfg = Debug|Any CPU
		{61E73B89-FBB9-4550-9CA1-4A41F9DA389B}.Debug|Any CPU.Build.0 = Debug|Any CPU
		{61E73B89-FBB9-4550-9CA1-4A41F9DA389B}.Release|Any CPU.ActiveCfg = Release|Any CPU
		{61E73B89-FBB9-4550-9CA1-4A41F9DA389B}.Release|Any CPU.Build.0 = Release|Any CPU
		{0AA905F1-1ED7-41C3-B2D9-192EFCF22F69}.Debug|Any CPU.ActiveCfg = Debug|Any CPU
		{0AA905F1-1ED7-41C3-B2D9-192EFCF22F69}.Debug|Any CPU.Build.0 = Debug|Any CPU
		{0AA905F1-1ED7-41C3-B2D9-192EFCF22F69}.Release|Any CPU.ActiveCfg = Release|Any CPU
		{0AA905F1-1ED7-41C3-B2D9-192EFCF22F69}.Release|Any CPU.Build.0 = Release|Any CPU
		{ACBF9C1A-3080-4A6B-8FF2-68241CF801A0}.Debug|Any CPU.ActiveCfg = Debug|Any CPU
		{ACBF9C1A-3080-4A6B-8FF2-68241CF801A0}.Debug|Any CPU.Build.0 = Debug|Any CPU
		{ACBF9C1A-3080-4A6B-8FF2-68241CF801A0}.Release|Any CPU.ActiveCfg = Release|Any CPU
		{ACBF9C1A-3080-4A6B-8FF2-68241CF801A0}.Release|Any CPU.Build.0 = Release|Any CPU
		{CB6395BD-8C39-4AC4-BBD9-EF8425615F7D}.Debug|Any CPU.ActiveCfg = Debug|Any CPU
		{CB6395BD-8C39-4AC4-BBD9-EF8425615F7D}.Debug|Any CPU.Build.0 = Debug|Any CPU
		{CB6395BD-8C39-4AC4-BBD9-EF8425615F7D}.Release|Any CPU.ActiveCfg = Release|Any CPU
		{CB6395BD-8C39-4AC4-BBD9-EF8425615F7D}.Release|Any CPU.Build.0 = Release|Any CPU
		{20FB8C0A-B530-4F48-98A3-969995A407F8}.Debug|Any CPU.ActiveCfg = Debug|Any CPU
		{20FB8C0A-B530-4F48-98A3-969995A407F8}.Debug|Any CPU.Build.0 = Debug|Any CPU
		{20FB8C0A-B530-4F48-98A3-969995A407F8}.Release|Any CPU.ActiveCfg = Release|Any CPU
		{20FB8C0A-B530-4F48-98A3-969995A407F8}.Release|Any CPU.Build.0 = Release|Any CPU
	EndGlobalSection
	GlobalSection(SolutionProperties) = preSolution
		HideSolutionNode = FALSE
	EndGlobalSection
	GlobalSection(NestedProjects) = preSolution
		{FFEA2553-AF5D-4BFC-AB91-0E32B9BABE58} = {DE31E100-D628-4AC0-A90E-0829436F66F9}
		{893BFCA9-A2A7-4354-AC38-0307147CA4D8} = {FC8873B0-7EF0-4226-B601-1DEB7CA3120A}
		{47FA91FA-DD01-4C29-9A31-3A9BDAC201BA} = {FC8873B0-7EF0-4226-B601-1DEB7CA3120A}
		{61E73B89-FBB9-4550-9CA1-4A41F9DA389B} = {5B713D5F-1CF0-494F-B658-C6A50EF7294E}
		{0AA905F1-1ED7-41C3-B2D9-192EFCF22F69} = {5B713D5F-1CF0-494F-B658-C6A50EF7294E}
		{C960F3E1-20F3-42BF-9E57-C8ABF3A84FB2} = {FC8873B0-7EF0-4226-B601-1DEB7CA3120A}
		{ACBF9C1A-3080-4A6B-8FF2-68241CF801A0} = {C960F3E1-20F3-42BF-9E57-C8ABF3A84FB2}
		{CB6395BD-8C39-4AC4-BBD9-EF8425615F7D} = {C960F3E1-20F3-42BF-9E57-C8ABF3A84FB2}
		{20FB8C0A-B530-4F48-98A3-969995A407F8} = {5B713D5F-1CF0-494F-B658-C6A50EF7294E}
	EndGlobalSection
	GlobalSection(ExtensibilityGlobals) = postSolution
		SolutionGuid = {892E7791-76F5-4D85-B923-C4A89125EB64}
	EndGlobalSection
EndGlobal
