
Microsoft Visual Studio Solution File, Format Version 12.00
# Visual Studio Version 17
VisualStudioVersion = 17.5.33530.505
MinimumVisualStudioVersion = 10.0.40219.1
Project("{2150E333-8FDC-42A3-9474-1A3956D46DE8}") = "Data", "Data", "{FC8873B0-7EF0-4226-B601-1DEB7CA3120A}"
EndProject
Project("{2150E333-8FDC-42A3-9474-1A3956D46DE8}") = "Services", "Services", "{5B713D5F-1CF0-494F-B658-C6A50EF7294E}"
EndProject
Project("{2150E333-8FDC-42A3-9474-1A3956D46DE8}") = "Systems", "Systems", "{DE31E100-D628-4AC0-A90E-0829436F66F9}"
EndProject
Project("{2150E333-8FDC-42A3-9474-1A3956D46DE8}") = "Tests", "Tests", "{00EAE591-1861-48B6-B917-ACEE0D562AD8}"
EndProject
Project("{E53339B2-1760-4266-BCC7-CA923CBCF16C}") = "docker-compose", "docker-compose.dcproj", "{3FF71B54-19D5-4E51-A755-52771AC6C24E}"
EndProject
Project("{9A19103F-16F7-4668-BE54-9A1E7A4F7556}") = "Notifyer.Systems.TgNotifyer", "Systems\Notifyer.Systems.TgNotifyer\Notifyer.Systems.TgNotifyer.csproj", "{FFEA2553-AF5D-4BFC-AB91-0E32B9BABE58}"
EndProject
Project("{9A19103F-16F7-4668-BE54-9A1E7A4F7556}") = "Notifyer.Data.Context", "Data\Notifyer.Data.Context\Notifyer.Data.Context.csproj", "{893BFCA9-A2A7-4354-AC38-0307147CA4D8}"
EndProject
Project("{9A19103F-16F7-4668-BE54-9A1E7A4F7556}") = "Notifyer.Data.Context.Entities", "Data\Notifyer.Data.Context.Entities\Notifyer.Data.Context.Entities.csproj", "{47FA91FA-DD01-4C29-9A31-3A9BDAC201BA}"
EndProject
Project("{9A19103F-16F7-4668-BE54-9A1E7A4F7556}") = "Notifyer.Services.Notifications", "Services\Notifyer.Services.Notifications\Notifyer.Services.Notifications.csproj", "{61E73B89-FBB9-4550-9CA1-4A41F9DA389B}"
EndProject
Project("{9A19103F-16F7-4668-BE54-9A1E7A4F7556}") = "Notifyer.Services.KafkaDataProvider", "Services\Notifyer.Services.KafkaDataProvider\Notifyer.Services.KafkaDataProvider.csproj", "{0AA905F1-1ED7-41C3-B2D9-192EFCF22F69}"
EndProject
Project("{9A19103F-16F7-4668-BE54-9A1E7A4F7556}") = "Notifyer.Services.TelegramService", "Services\Notifyer.Services.TelegramService\Notifyer.Services.TelegramService.csproj", "{7DA5EC93-2211-49C6-A600-093546D66B76}"
EndProject
Project("{9A19103F-16F7-4668-BE54-9A1E7A4F7556}") = "Notifyer.Services.Subscriptions", "Services\Notifyer.Services.Subscriptions\Notifyer.Services.Subscriptions.csproj", "{A45BAA20-4B0C-4031-9446-F411E6076588}"
EndProject
Project("{9A19103F-16F7-4668-BE54-9A1E7A4F7556}") = "Notifyer.Systems.NewsProducer", "Systems\Notifyer.Systems.NewsProducer\Notifyer.Systems.NewsProducer.csproj", "{0C5C807F-7C0F-4477-8D9A-E90E88F30992}"
EndProject
Project("{FAE04EC0-301F-11D3-BF4B-00C04F79EFBC}") = "Notifyer.Services.KafkaDataSender", "Services\Notifyer.Services.KafkaDataSender\Notifyer.Services.KafkaDataSender.csproj", "{F7B6F6D7-D4FE-4087-B587-1934994A6939}"
EndProject
Global
	GlobalSection(SolutionConfigurationPlatforms) = preSolution
		Debug|Any CPU = Debug|Any CPU
		Release|Any CPU = Release|Any CPU
	EndGlobalSection
	GlobalSection(ProjectConfigurationPlatforms) = postSolution
		{3FF71B54-19D5-4E51-A755-52771AC6C24E}.Debug|Any CPU.ActiveCfg = Debug|Any CPU
		{3FF71B54-19D5-4E51-A755-52771AC6C24E}.Debug|Any CPU.Build.0 = Debug|Any CPU
		{3FF71B54-19D5-4E51-A755-52771AC6C24E}.Release|Any CPU.ActiveCfg = Release|Any CPU
		{3FF71B54-19D5-4E51-A755-52771AC6C24E}.Release|Any CPU.Build.0 = Release|Any CPU
		{FFEA2553-AF5D-4BFC-AB91-0E32B9BABE58}.Debug|Any CPU.ActiveCfg = Debug|Any CPU
		{FFEA2553-AF5D-4BFC-AB91-0E32B9BABE58}.Debug|Any CPU.Build.0 = Debug|Any CPU
		{FFEA2553-AF5D-4BFC-AB91-0E32B9BABE58}.Release|Any CPU.ActiveCfg = Release|Any CPU
		{FFEA2553-AF5D-4BFC-AB91-0E32B9BABE58}.Release|Any CPU.Build.0 = Release|Any CPU
		{893BFCA9-A2A7-4354-AC38-0307147CA4D8}.Debug|Any CPU.ActiveCfg = Debug|Any CPU
		{893BFCA9-A2A7-4354-AC38-0307147CA4D8}.Debug|Any CPU.Build.0 = Debug|Any CPU
		{893BFCA9-A2A7-4354-AC38-0307147CA4D8}.Release|Any CPU.ActiveCfg = Release|Any CPU
		{893BFCA9-A2A7-4354-AC38-0307147CA4D8}.Release|Any CPU.Build.0 = Release|Any CPU
		{47FA91FA-DD01-4C29-9A31-3A9BDAC201BA}.Debug|Any CPU.ActiveCfg = Debug|Any CPU
		{47FA91FA-DD01-4C29-9A31-3A9BDAC201BA}.Debug|Any CPU.Build.0 = Debug|Any CPU
		{47FA91FA-DD01-4C29-9A31-3A9BDAC201BA}.Release|Any CPU.ActiveCfg = Release|Any CPU
		{47FA91FA-DD01-4C29-9A31-3A9BDAC201BA}.Release|Any CPU.Build.0 = Release|Any CPU
		{61E73B89-FBB9-4550-9CA1-4A41F9DA389B}.Debug|Any CPU.ActiveCfg = Debug|Any CPU
		{61E73B89-FBB9-4550-9CA1-4A41F9DA389B}.Debug|Any CPU.Build.0 = Debug|Any CPU
		{61E73B89-FBB9-4550-9CA1-4A41F9DA389B}.Release|Any CPU.ActiveCfg = Release|Any CPU
		{61E73B89-FBB9-4550-9CA1-4A41F9DA389B}.Release|Any CPU.Build.0 = Release|Any CPU
		{0AA905F1-1ED7-41C3-B2D9-192EFCF22F69}.Debug|Any CPU.ActiveCfg = Debug|Any CPU
		{0AA905F1-1ED7-41C3-B2D9-192EFCF22F69}.Debug|Any CPU.Build.0 = Debug|Any CPU
		{0AA905F1-1ED7-41C3-B2D9-192EFCF22F69}.Release|Any CPU.ActiveCfg = Release|Any CPU
		{0AA905F1-1ED7-41C3-B2D9-192EFCF22F69}.Release|Any CPU.Build.0 = Release|Any CPU
		{7DA5EC93-2211-49C6-A600-093546D66B76}.Debug|Any CPU.ActiveCfg = Debug|Any CPU
		{7DA5EC93-2211-49C6-A600-093546D66B76}.Debug|Any CPU.Build.0 = Debug|Any CPU
		{7DA5EC93-2211-49C6-A600-093546D66B76}.Release|Any CPU.ActiveCfg = Release|Any CPU
		{7DA5EC93-2211-49C6-A600-093546D66B76}.Release|Any CPU.Build.0 = Release|Any CPU
		{A45BAA20-4B0C-4031-9446-F411E6076588}.Debug|Any CPU.ActiveCfg = Debug|Any CPU
		{A45BAA20-4B0C-4031-9446-F411E6076588}.Debug|Any CPU.Build.0 = Debug|Any CPU
		{A45BAA20-4B0C-4031-9446-F411E6076588}.Release|Any CPU.ActiveCfg = Release|Any CPU
		{A45BAA20-4B0C-4031-9446-F411E6076588}.Release|Any CPU.Build.0 = Release|Any CPU
		{0C5C807F-7C0F-4477-8D9A-E90E88F30992}.Debug|Any CPU.ActiveCfg = Debug|Any CPU
		{0C5C807F-7C0F-4477-8D9A-E90E88F30992}.Debug|Any CPU.Build.0 = Debug|Any CPU
		{0C5C807F-7C0F-4477-8D9A-E90E88F30992}.Release|Any CPU.ActiveCfg = Release|Any CPU
		{0C5C807F-7C0F-4477-8D9A-E90E88F30992}.Release|Any CPU.Build.0 = Release|Any CPU
		{F7B6F6D7-D4FE-4087-B587-1934994A6939}.Debug|Any CPU.ActiveCfg = Debug|Any CPU
		{F7B6F6D7-D4FE-4087-B587-1934994A6939}.Debug|Any CPU.Build.0 = Debug|Any CPU
		{F7B6F6D7-D4FE-4087-B587-1934994A6939}.Release|Any CPU.ActiveCfg = Release|Any CPU
		{F7B6F6D7-D4FE-4087-B587-1934994A6939}.Release|Any CPU.Build.0 = Release|Any CPU
	EndGlobalSection
	GlobalSection(SolutionProperties) = preSolution
		HideSolutionNode = FALSE
	EndGlobalSection
	GlobalSection(NestedProjects) = preSolution
		{FFEA2553-AF5D-4BFC-AB91-0E32B9BABE58} = {DE31E100-D628-4AC0-A90E-0829436F66F9}
		{893BFCA9-A2A7-4354-AC38-0307147CA4D8} = {FC8873B0-7EF0-4226-B601-1DEB7CA3120A}
		{47FA91FA-DD01-4C29-9A31-3A9BDAC201BA} = {FC8873B0-7EF0-4226-B601-1DEB7CA3120A}
		{61E73B89-FBB9-4550-9CA1-4A41F9DA389B} = {5B713D5F-1CF0-494F-B658-C6A50EF7294E}
		{0AA905F1-1ED7-41C3-B2D9-192EFCF22F69} = {5B713D5F-1CF0-494F-B658-C6A50EF7294E}
		{7DA5EC93-2211-49C6-A600-093546D66B76} = {5B713D5F-1CF0-494F-B658-C6A50EF7294E}
		{A45BAA20-4B0C-4031-9446-F411E6076588} = {5B713D5F-1CF0-494F-B658-C6A50EF7294E}
		{0C5C807F-7C0F-4477-8D9A-E90E88F30992} = {DE31E100-D628-4AC0-A90E-0829436F66F9}
		{F7B6F6D7-D4FE-4087-B587-1934994A6939} = {5B713D5F-1CF0-494F-B658-C6A50EF7294E}
	EndGlobalSection
	GlobalSection(ExtensibilityGlobals) = postSolution
		SolutionGuid = {892E7791-76F5-4D85-B923-C4A89125EB64}
	EndGlobalSection
EndGlobal
